[[package]]
name = "numpy"
version = "1.21.0"
description = "NumPy is the fundamental package for array computing with Python."
category = "main"
optional = false
python-versions = ">=3.7"

[[package]]
name = "onnx"
version = "1.9.0"
description = "Open Neural Network Exchange"
category = "main"
optional = false
python-versions = "*"

[package.dependencies]
numpy = ">=1.16.6"
protobuf = "*"
six = "*"
typing-extensions = ">=3.6.2.1"

[package.extras]
mypy = ["mypy (==0.600)"]

[[package]]
name = "protobuf"
version = "3.17.3"
description = "Protocol Buffers"
category = "main"
optional = false
python-versions = "*"

[package.dependencies]
six = ">=1.9"

[[package]]
name = "six"
version = "1.16.0"
description = "Python 2 and 3 compatibility utilities"
category = "main"
optional = false
python-versions = ">=2.7, !=3.0.*, !=3.1.*, !=3.2.*"

[[package]]
name = "torch"
version = "1.9.0"
description = "Tensors and Dynamic neural networks in Python with strong GPU acceleration"
category = "main"
optional = false
python-versions = ">=3.6.2"

[package.dependencies]
typing-extensions = "*"

[[package]]
name = "typing-extensions"
version = "3.10.0.0"
description = "Backported and Experimental Type Hints for Python 3.5+"
category = "main"
optional = false
python-versions = "*"

[metadata]
lock-version = "1.1"
python-versions = "^3.9"
content-hash = "d49a3361f6becf525e41fda989c4447c59cb9bbca702c746844526011ec2a1aa"

[metadata.files]
numpy = [
    {file = "numpy-1.21.0-cp37-cp37m-macosx_10_9_x86_64.whl", hash = "sha256:d5caa946a9f55511e76446e170bdad1d12d6b54e17a2afe7b189112ed4412bb8"},
    {file = "numpy-1.21.0-cp37-cp37m-manylinux_2_12_i686.manylinux2010_i686.whl", hash = "sha256:ac4fd578322842dbda8d968e3962e9f22e862b6ec6e3378e7415625915e2da4d"},
    {file = "numpy-1.21.0-cp37-cp37m-manylinux_2_12_x86_64.manylinux2010_x86_64.whl", hash = "sha256:598fe100b2948465cf3ed64b1a326424b5e4be2670552066e17dfaa67246011d"},
    {file = "numpy-1.21.0-cp37-cp37m-manylinux_2_17_aarch64.manylinux2014_aarch64.whl", hash = "sha256:7c55407f739f0bfcec67d0df49103f9333edc870061358ac8a8c9e37ea02fcd2"},
    {file = "numpy-1.21.0-cp37-cp37m-manylinux_2_5_i686.manylinux1_i686.whl", hash = "sha256:75579acbadbf74e3afd1153da6177f846212ea2a0cc77de53523ae02c9256513"},
    {file = "numpy-1.21.0-cp37-cp37m-manylinux_2_5_x86_64.manylinux1_x86_64.whl", hash = "sha256:cc367c86eb87e5b7c9592935620f22d13b090c609f1b27e49600cd033b529f54"},
    {file = "numpy-1.21.0-cp37-cp37m-win32.whl", hash = "sha256:d89b0dc7f005090e32bb4f9bf796e1dcca6b52243caf1803fdd2b748d8561f63"},
    {file = "numpy-1.21.0-cp37-cp37m-win_amd64.whl", hash = "sha256:eda2829af498946c59d8585a9fd74da3f810866e05f8df03a86f70079c7531dd"},
    {file = "numpy-1.21.0-cp38-cp38-macosx_10_9_universal2.whl", hash = "sha256:1a784e8ff7ea2a32e393cc53eb0003eca1597c7ca628227e34ce34eb11645a0e"},
    {file = "numpy-1.21.0-cp38-cp38-macosx_10_9_x86_64.whl", hash = "sha256:bba474a87496d96e61461f7306fba2ebba127bed7836212c360f144d1e72ac54"},
    {file = "numpy-1.21.0-cp38-cp38-macosx_11_0_arm64.whl", hash = "sha256:fd0a359c1c17f00cb37de2969984a74320970e0ceef4808c32e00773b06649d9"},
    {file = "numpy-1.21.0-cp38-cp38-manylinux_2_12_i686.manylinux2010_i686.whl", hash = "sha256:e4d5a86a5257843a18fb1220c5f1c199532bc5d24e849ed4b0289fb59fbd4d8f"},
    {file = "numpy-1.21.0-cp38-cp38-manylinux_2_12_x86_64.manylinux2010_x86_64.whl", hash = "sha256:620732f42259eb2c4642761bd324462a01cdd13dd111740ce3d344992dd8492f"},
    {file = "numpy-1.21.0-cp38-cp38-manylinux_2_17_aarch64.manylinux2014_aarch64.whl", hash = "sha256:b9205711e5440954f861ceeea8f1b415d7dd15214add2e878b4d1cf2bcb1a914"},
    {file = "numpy-1.21.0-cp38-cp38-manylinux_2_5_i686.manylinux1_i686.whl", hash = "sha256:ad09f55cc95ed8d80d8ab2052f78cc21cb231764de73e229140d81ff49d8145e"},
    {file = "numpy-1.21.0-cp38-cp38-manylinux_2_5_x86_64.manylinux1_x86_64.whl", hash = "sha256:a1f2fb2da242568af0271455b89aee0f71e4e032086ee2b4c5098945d0e11cf6"},
    {file = "numpy-1.21.0-cp38-cp38-win32.whl", hash = "sha256:e58ddb53a7b4959932f5582ac455ff90dcb05fac3f8dcc8079498d43afbbde6c"},
    {file = "numpy-1.21.0-cp38-cp38-win_amd64.whl", hash = "sha256:d2910d0a075caed95de1a605df00ee03b599de5419d0b95d55342e9a33ad1fb3"},
    {file = "numpy-1.21.0-cp39-cp39-macosx_10_9_universal2.whl", hash = "sha256:a290989cd671cd0605e9c91a70e6df660f73ae87484218e8285c6522d29f6e38"},
    {file = "numpy-1.21.0-cp39-cp39-macosx_10_9_x86_64.whl", hash = "sha256:3537b967b350ad17633b35c2f4b1a1bbd258c018910b518c30b48c8e41272717"},
    {file = "numpy-1.21.0-cp39-cp39-macosx_11_0_arm64.whl", hash = "sha256:ccc6c650f8700ce1e3a77668bb7c43e45c20ac06ae00d22bdf6760b38958c883"},
    {file = "numpy-1.21.0-cp39-cp39-manylinux_2_12_i686.manylinux2010_i686.whl", hash = "sha256:709884863def34d72b183d074d8ba5cfe042bc3ff8898f1ffad0209161caaa99"},
    {file = "numpy-1.21.0-cp39-cp39-manylinux_2_12_x86_64.manylinux2010_x86_64.whl", hash = "sha256:bebab3eaf0641bba26039fb0b2c5bf9b99407924b53b1ea86e03c32c64ef5aef"},
    {file = "numpy-1.21.0-cp39-cp39-manylinux_2_17_aarch64.manylinux2014_aarch64.whl", hash = "sha256:cf680682ad0a3bef56dae200dbcbac2d57294a73e5b0f9864955e7dd7c2c2491"},
    {file = "numpy-1.21.0-cp39-cp39-win32.whl", hash = "sha256:d95d16204cd51ff1a1c8d5f9958ce90ae190be81d348b514f9be39f878b8044a"},
    {file = "numpy-1.21.0-cp39-cp39-win_amd64.whl", hash = "sha256:2ba579dde0563f47021dcd652253103d6fd66165b18011dce1a0609215b2791e"},
    {file = "numpy-1.21.0-pp37-pypy37_pp73-manylinux_2_12_x86_64.manylinux2010_x86_64.whl", hash = "sha256:3c40e6b860220ed862e8097b8f81c9af6d7405b723f4a7af24a267b46f90e461"},
    {file = "numpy-1.21.0.zip", hash = "sha256:e80fe25cba41c124d04c662f33f6364909b985f2eb5998aaa5ae4b9587242cce"},
]
onnx = [
    {file = "onnx-1.9.0-cp36-cp36m-macosx_10_12_x86_64.whl", hash = "sha256:0377f223ad45944fd51992384af2ca464e5c5f22b3caa76abc24d8cf17d4f2b8"},
    {file = "onnx-1.9.0-cp36-cp36m-manylinux2010_i686.whl", hash = "sha256:71576e5088bd0e93f749a8a849b971b338f4f69a4d4895d0424730d1dac76a54"},
    {file = "onnx-1.9.0-cp36-cp36m-manylinux2010_x86_64.whl", hash = "sha256:685b670336ab23bc03c6112d164cfcc58bd4e27e7aa2bd73c917e1a3b973f609"},
    {file = "onnx-1.9.0-cp36-cp36m-win32.whl", hash = "sha256:0c3082f038642479076dd4887055007049cf18b1f5752c4a5839da056982ec79"},
    {file = "onnx-1.9.0-cp36-cp36m-win_amd64.whl", hash = "sha256:6f4b1e37c1ff5f3e16480a458d07d26c6c798deedd20fa258627505ec8646d26"},
    {file = "onnx-1.9.0-cp37-cp37m-macosx_10_12_x86_64.whl", hash = "sha256:34062d0fde8c49fba96c8c0c02a087533f8e943c2459f2893c540ddc6a11aaf6"},
    {file = "onnx-1.9.0-cp37-cp37m-manylinux2010_i686.whl", hash = "sha256:5e70148cd4d9ed97eeef3690ec0a78ebfed585184f3e286a6f7d2526c3a7bd34"},
    {file = "onnx-1.9.0-cp37-cp37m-manylinux2010_x86_64.whl", hash = "sha256:a5fe019aa33098727d04f4598ebe6edca26a1008092761225acd732b2f62354b"},
    {file = "onnx-1.9.0-cp37-cp37m-win32.whl", hash = "sha256:154301728c91aa475ad8d8eb901216eef2a48ef9ed414ee13bfe4b82a38326c6"},
    {file = "onnx-1.9.0-cp37-cp37m-win_amd64.whl", hash = "sha256:1dc523a34ca9746c5d43a50efd4f71e04f36d548dcf05ef4bd7ca91f834bb3ad"},
    {file = "onnx-1.9.0-cp38-cp38-macosx_10_12_x86_64.whl", hash = "sha256:c74bb7068653ac7ecac3aa674d40652d65bce47090e8d0eb6a988f40dd5f0f78"},
    {file = "onnx-1.9.0-cp38-cp38-manylinux2010_i686.whl", hash = "sha256:b5ba35be377c19792d0b710e7f50f81c5d99971718414f6f95648c80d49e5449"},
    {file = "onnx-1.9.0-cp38-cp38-manylinux2010_x86_64.whl", hash = "sha256:9e8026d49340eb7b5eb8bee25028a4a4b6c4b1c55f9fee72ad3ab964f1dc62d6"},
    {file = "onnx-1.9.0-cp38-cp38-win32.whl", hash = "sha256:aef24defef248625aeb37c24f1b014b5f6fc2acdda0c4f52f6c9bdad02a17ccb"},
    {file = "onnx-1.9.0-cp38-cp38-win_amd64.whl", hash = "sha256:7bd6ad02f63ce4226a1ea30a4aa80e6ac5c555ad52e0dd61a80b0a39052f1994"},
    {file = "onnx-1.9.0-cp39-cp39-macosx_10_12_x86_64.whl", hash = "sha256:60fea75e9147dec520f2231dd3549ac0d429f976c2b0c429e32c98ae7e548a11"},
    {file = "onnx-1.9.0-cp39-cp39-manylinux2010_i686.whl", hash = "sha256:43f63a78aff55ee732a7cb4d333b9db85601e14418d041c17671059f9596e5e1"},
    {file = "onnx-1.9.0-cp39-cp39-manylinux2010_x86_64.whl", hash = "sha256:348c7968cfd03916d703d52c6f63a946a33197ad2195142be1a6789162bcb614"},
    {file = "onnx-1.9.0-cp39-cp39-win32.whl", hash = "sha256:2380520f71bd76be02f0e4e65a58dba0b59e2229a30a54fa80d6407bb3775e5b"},
    {file = "onnx-1.9.0-cp39-cp39-win_amd64.whl", hash = "sha256:abd9ab9b7c90f6885d417b979a4c94d6046ad7ce8d058fd0f469d5c50d5c1908"},
    {file = "onnx-1.9.0.tar.gz", hash = "sha256:a9055a654c4dd87b45ce59f1e08371686937cad554471eadf6826df1bb125b7a"},
]
protobuf = [
    {file = "protobuf-3.17.3-cp27-cp27m-macosx_10_9_x86_64.whl", hash = "sha256:ab6bb0e270c6c58e7ff4345b3a803cc59dbee19ddf77a4719c5b635f1d547aa8"},
    {file = "protobuf-3.17.3-cp27-cp27mu-manylinux_2_5_x86_64.manylinux1_x86_64.whl", hash = "sha256:13ee7be3c2d9a5d2b42a1030976f760f28755fcf5863c55b1460fd205e6cd637"},
    {file = "protobuf-3.17.3-cp35-cp35m-macosx_10_9_intel.whl", hash = "sha256:1556a1049ccec58c7855a78d27e5c6e70e95103b32de9142bae0576e9200a1b0"},
    {file = "protobuf-3.17.3-cp35-cp35m-manylinux_2_5_x86_64.manylinux1_x86_64.whl", hash = "sha256:f0e59430ee953184a703a324b8ec52f571c6c4259d496a19d1cabcdc19dabc62"},
    {file = "protobuf-3.17.3-cp35-cp35m-win32.whl", hash = "sha256:a981222367fb4210a10a929ad5983ae93bd5a050a0824fc35d6371c07b78caf6"},
    {file = "protobuf-3.17.3-cp35-cp35m-win_amd64.whl", hash = "sha256:6d847c59963c03fd7a0cd7c488cadfa10cda4fff34d8bc8cba92935a91b7a037"},
    {file = "protobuf-3.17.3-cp36-cp36m-macosx_10_9_x86_64.whl", hash = "sha256:145ce0af55c4259ca74993ddab3479c78af064002ec8227beb3d944405123c71"},
    {file = "protobuf-3.17.3-cp36-cp36m-manylinux_2_5_x86_64.manylinux1_x86_64.whl", hash = "sha256:6ce4d8bf0321e7b2d4395e253f8002a1a5ffbcfd7bcc0a6ba46712c07d47d0b4"},
    {file = "protobuf-3.17.3-cp36-cp36m-win32.whl", hash = "sha256:7a4c97961e9e5b03a56f9a6c82742ed55375c4a25f2692b625d4087d02ed31b9"},
    {file = "protobuf-3.17.3-cp36-cp36m-win_amd64.whl", hash = "sha256:a22b3a0dbac6544dacbafd4c5f6a29e389a50e3b193e2c70dae6bbf7930f651d"},
    {file = "protobuf-3.17.3-cp37-cp37m-macosx_10_9_x86_64.whl", hash = "sha256:ffea251f5cd3c0b9b43c7a7a912777e0bc86263436a87c2555242a348817221b"},
    {file = "protobuf-3.17.3-cp37-cp37m-manylinux2014_aarch64.whl", hash = "sha256:9b7a5c1022e0fa0dbde7fd03682d07d14624ad870ae52054849d8960f04bc764"},
    {file = "protobuf-3.17.3-cp37-cp37m-manylinux_2_5_x86_64.manylinux1_x86_64.whl", hash = "sha256:8727ee027157516e2c311f218ebf2260a18088ffb2d29473e82add217d196b1c"},
    {file = "protobuf-3.17.3-cp37-cp37m-win32.whl", hash = "sha256:14c1c9377a7ffbeaccd4722ab0aa900091f52b516ad89c4b0c3bb0a4af903ba5"},
    {file = "protobuf-3.17.3-cp37-cp37m-win_amd64.whl", hash = "sha256:c56c050a947186ba51de4f94ab441d7f04fcd44c56df6e922369cc2e1a92d683"},
    {file = "protobuf-3.17.3-cp38-cp38-macosx_10_9_x86_64.whl", hash = "sha256:2ae692bb6d1992afb6b74348e7bb648a75bb0d3565a3f5eea5bec8f62bd06d87"},
    {file = "protobuf-3.17.3-cp38-cp38-manylinux2014_aarch64.whl", hash = "sha256:99938f2a2d7ca6563c0ade0c5ca8982264c484fdecf418bd68e880a7ab5730b1"},
    {file = "protobuf-3.17.3-cp38-cp38-manylinux_2_5_x86_64.manylinux1_x86_64.whl", hash = "sha256:6902a1e4b7a319ec611a7345ff81b6b004b36b0d2196ce7a748b3493da3d226d"},
    {file = "protobuf-3.17.3-cp38-cp38-win32.whl", hash = "sha256:59e5cf6b737c3a376932fbfb869043415f7c16a0cf176ab30a5bbc419cd709c1"},
    {file = "protobuf-3.17.3-cp38-cp38-win_amd64.whl", hash = "sha256:ebcb546f10069b56dc2e3da35e003a02076aaa377caf8530fe9789570984a8d2"},
    {file = "protobuf-3.17.3-cp39-cp39-macosx_10_9_x86_64.whl", hash = "sha256:4ffbd23640bb7403574f7aff8368e2aeb2ec9a5c6306580be48ac59a6bac8bde"},
    {file = "protobuf-3.17.3-cp39-cp39-manylinux2014_aarch64.whl", hash = "sha256:26010f693b675ff5a1d0e1bdb17689b8b716a18709113288fead438703d45539"},
    {file = "protobuf-3.17.3-cp39-cp39-manylinux_2_5_x86_64.manylinux1_x86_64.whl", hash = "sha256:e76d9686e088fece2450dbc7ee905f9be904e427341d289acbe9ad00b78ebd47"},
    {file = "protobuf-3.17.3-cp39-cp39-win32.whl", hash = "sha256:a38bac25f51c93e4be4092c88b2568b9f407c27217d3dd23c7a57fa522a17554"},
    {file = "protobuf-3.17.3-cp39-cp39-win_amd64.whl", hash = "sha256:85d6303e4adade2827e43c2b54114d9a6ea547b671cb63fafd5011dc47d0e13d"},
    {file = "protobuf-3.17.3-py2.py3-none-any.whl", hash = "sha256:2bfb815216a9cd9faec52b16fd2bfa68437a44b67c56bee59bc3926522ecb04e"},
    {file = "protobuf-3.17.3.tar.gz", hash = "sha256:72804ea5eaa9c22a090d2803813e280fb273b62d5ae497aaf3553d141c4fdd7b"},
]
six = [
    {file = "six-1.16.0-py2.py3-none-any.whl", hash = "sha256:8abb2f1d86890a2dfb989f9a77cfcfd3e47c2a354b01111771326f8aa26e0254"},
    {file = "six-1.16.0.tar.gz", hash = "sha256:1e61c37477a1626458e36f7b1d82aa5c9b094fa4802892072e49de9c60c4c926"},
]
torch = [
    {file = "torch-1.9.0-cp36-cp36m-manylinux1_x86_64.whl", hash = "sha256:3a2d070cf28860d285d4ab156f3954c0c1d12f4c037aa312a7c029227c0d106b"},
    {file = "torch-1.9.0-cp36-cp36m-manylinux2014_aarch64.whl", hash = "sha256:b296e65e25081af147af936f1e3a1f17f583a9afacfa5309742678ffef728ace"},
    {file = "torch-1.9.0-cp36-cp36m-win_amd64.whl", hash = "sha256:117098d4924b260a24a47c6b3fe37f2ae41f04a2ea2eff9f553ae9210b12fa54"},
    {file = "torch-1.9.0-cp36-none-macosx_10_9_x86_64.whl", hash = "sha256:d6103b9a634993bd967337a1149f9d8b23922f42a3660676239399e15c1b4515"},
    {file = "torch-1.9.0-cp37-cp37m-manylinux1_x86_64.whl", hash = "sha256:0164673908e6b291ace592d382eba3e258b3bad009b8078cad8f3b9e00d8f23e"},
    {file = "torch-1.9.0-cp37-cp37m-manylinux2014_aarch64.whl", hash = "sha256:52548b45efff772fe3810fe91daf34f981ac0ca1a7227f6226fd5693f53b5b88"},
    {file = "torch-1.9.0-cp37-cp37m-win_amd64.whl", hash = "sha256:62c0a7e433681d0861494d1ede96d2485e4dbb3ea8fd867e8419addebf5de1af"},
    {file = "torch-1.9.0-cp37-none-macosx_10_9_x86_64.whl", hash = "sha256:d88333091fd1627894bbf0d6dcef58a90e36bdf0d90a5d4675b5e07e72075511"},
    {file = "torch-1.9.0-cp38-cp38-manylinux1_x86_64.whl", hash = "sha256:1d8139dcc864f48dc316376384f50e47a459284ad1cb84449242f4964e25aaec"},
    {file = "torch-1.9.0-cp38-cp38-manylinux2014_aarch64.whl", hash = "sha256:0aa4cca3f16fab40cb8dae6a49d0eccdc8f4ead9d1a6428cd9ba12befe082b2a"},
    {file = "torch-1.9.0-cp38-cp38-win_amd64.whl", hash = "sha256:646de1bef85d6c7590e98f8ea52e47acdcf58330982e4f5d73f5ca28dea2d552"},
    {file = "torch-1.9.0-cp38-none-macosx_10_9_x86_64.whl", hash = "sha256:e596f0105f748cf09d4763152d8157aaf58d5231232eaf2c5673d4562ba86ad3"},
    {file = "torch-1.9.0-cp38-none-macosx_11_0_arm64.whl", hash = "sha256:ecc7193fff7741ced3db1f760666c8454d6664956288c54d1b49613b987a42f4"},
    {file = "torch-1.9.0-cp39-cp39-manylinux1_x86_64.whl", hash = "sha256:95eeec3a6c42fd35aca552777b7d9979ed489760423de97c0118a45e849a61f4"},
    {file = "torch-1.9.0-cp39-cp39-manylinux2014_aarch64.whl", hash = "sha256:8a2b2012b3c7d6019e189496688fa77de7029a220840b406d8302d1c8021a11c"},
    {file = "torch-1.9.0-cp39-cp39-win_amd64.whl", hash = "sha256:7e2b14fe5b3a8266cbe2f6740c0195497507974ced7bc21e99971561913a0c28"},
    {file = "torch-1.9.0-cp39-none-macosx_10_9_x86_64.whl", hash = "sha256:0a9e74b5057463ce4e55d9332a5670993fc9e1299c52e1740e505eda106fb355"},
    {file = "torch-1.9.0-cp39-none-macosx_11_0_arm64.whl", hash = "sha256:569ead6ae6bb0e636df0fc8af660ef03260e630dc5f2f4cf3198027e7b6bb481"},
]
typing-extensions = [
    {file = "typing_extensions-3.10.0.0-py2-none-any.whl", hash = "sha256:0ac0f89795dd19de6b97debb0c6af1c70987fd80a2d62d1958f7e56fcc31b497"},
    {file = "typing_extensions-3.10.0.0-py3-none-any.whl", hash = "sha256:779383f6086d90c99ae41cf0ff39aac8a7937a9283ce0a414e5dd782f4c94a84"},
    {file = "typing_extensions-3.10.0.0.tar.gz", hash = "sha256:50b6f157849174217d0656f99dc82fe932884fb250826c18350e159ec6cdf342"},
]
